<Solution>
  <Project Path="SudokuSolver.Common/SudokuSolver.Common.csproj" Id="ac93c16b-53ec-477c-8ac9-ec1b91357648" />
  <Project Path="SudokuSolver.Console/SudokuSolver.Console.csproj" />
  <Project Path="SudokuSolver.Test/SudokuSolver.Test.csproj" Id="d459a878-4442-4213-9d63-c443323b0be9" />
</Solution>
